
Microsoft Visual Studio Solution File, Format Version 12.00
# Visual Studio Version 16
VisualStudioVersion = 16.0.30621.155
MinimumVisualStudioVersion = 10.0.40219.1
Project("{888888A0-9F3D-457C-B088-3A5042F75D52}") = "ETl_pipeline", "ETL_pipeline.pyproj", "{2E41921D-E7E5-4DF3-8193-64A566528855}"
EndProject
Global
	GlobalSection(SolutionConfigurationPlatforms) = preSolution
		Debug|Any CPU = Debug|Any CPU
		Release|Any CPU = Release|Any CPU
	EndGlobalSection
	GlobalSection(ProjectConfigurationPlatforms) = postSolution
		{2E41921D-E7E5-4DF3-8193-64A566528855}.Debug|Any CPU.ActiveCfg = Debug|Any CPU
		{2E41921D-E7E5-4DF3-8193-64A566528855}.Release|Any CPU.ActiveCfg = Release|Any CPU
	EndGlobalSection
	GlobalSection(SolutionProperties) = preSolution
		HideSolutionNode = FALSE
	EndGlobalSection
	GlobalSection(ExtensibilityGlobals) = postSolution
		SolutionGuid = {7DA861CA-569A-497B-9555-509D87914C56}
	EndGlobalSection
EndGlobal
